
Microsoft Visual Studio Solution File, Format Version 12.00
# Visual Studio Version 16
VisualStudioVersion = 16.0.30204.135
MinimumVisualStudioVersion = 15.0.26124.0
Project("{9A19103F-16F7-4668-BE54-9A1E7A4F7556}") = "Adapter.Electricity.ADB", "src\Adapter.Electricity.ADB\Adapter.Electricity.ADB.csproj", "{109EBC2E-979E-4719-911D-F4B7A699E202}"
EndProject
Global
	GlobalSection(SolutionConfigurationPlatforms) = preSolution
		Debug|Any CPU = Debug|Any CPU
		Debug|x64 = Debug|x64
		Debug|x86 = Debug|x86
		Release|Any CPU = Release|Any CPU
		Release|x64 = Release|x64
		Release|x86 = Release|x86
	EndGlobalSection
	GlobalSection(ProjectConfigurationPlatforms) = postSolution
		{109EBC2E-979E-4719-911D-F4B7A699E202}.Debug|Any CPU.ActiveCfg = Debug|Any CPU
		{109EBC2E-979E-4719-911D-F4B7A699E202}.Debug|Any CPU.Build.0 = Debug|Any CPU
		{109EBC2E-979E-4719-911D-F4B7A699E202}.Debug|x64.ActiveCfg = Debug|Any CPU
		{109EBC2E-979E-4719-911D-F4B7A699E202}.Debug|x64.Build.0 = Debug|Any CPU
		{109EBC2E-979E-4719-911D-F4B7A699E202}.Debug|x86.ActiveCfg = Debug|Any CPU
		{109EBC2E-979E-4719-911D-F4B7A699E202}.Debug|x86.Build.0 = Debug|Any CPU
		{109EBC2E-979E-4719-911D-F4B7A699E202}.Release|Any CPU.ActiveCfg = Release|Any CPU
		{109EBC2E-979E-4719-911D-F4B7A699E202}.Release|Any CPU.Build.0 = Release|Any CPU
		{109EBC2E-979E-4719-911D-F4B7A699E202}.Release|x64.ActiveCfg = Release|Any CPU
		{109EBC2E-979E-4719-911D-F4B7A699E202}.Release|x64.Build.0 = Release|Any CPU
		{109EBC2E-979E-4719-911D-F4B7A699E202}.Release|x86.ActiveCfg = Release|Any CPU
		{109EBC2E-979E-4719-911D-F4B7A699E202}.Release|x86.Build.0 = Release|Any CPU
	EndGlobalSection
	GlobalSection(SolutionProperties) = preSolution
		HideSolutionNode = FALSE
	EndGlobalSection
	GlobalSection(ExtensibilityGlobals) = postSolution
		SolutionGuid = {46DA5BE4-730B-45D8-8BE4-6AF7DE068722}
	EndGlobalSection
EndGlobal
